<?xml version="1.0" encoding="utf-8"?>
<Project ToolsVersion="4.0" xmlns="http://schemas.microsoft.com/developer/msbuild/2003">
  <ItemGroup>
    <Filter Include="Resource Files">
      <UniqueIdentifier>{D9D6E242-F8AF-46E4-B9FD-80ECBC20BA3E}</UniqueIdentifier>
      <Extensions>qrc;*</Extensions>
      <ParseFiles>false</ParseFiles>
    </Filter>
    <Filter Include="Form Files">
      <UniqueIdentifier>{99349809-55BA-4b9d-BF79-8FDBB0286EB3}</UniqueIdentifier>
      <Extensions>ui</Extensions>
    </Filter>
    <Filter Include="Resource Files">
      <UniqueIdentifier>{D9D6E242-F8AF-46E4-B9FD-80ECBC20BA3E}</UniqueIdentifier>
      <Extensions>qrc;*</Extensions>
      <ParseFiles>false</ParseFiles>
    </Filter>
    <Filter Include="Generated Files">
      <UniqueIdentifier>{71ED8ED8-ACB9-4CE9-BBE1-E00B30144E11}</UniqueIdentifier>
      <Extensions>moc;h;cpp</Extensions>
      <SourceControlFiles>False</SourceControlFiles>
    </Filter>
    <Filter Include="app">
      <UniqueIdentifier>{060862d6-3d0a-4748-9d19-ae40bf0246e1}</UniqueIdentifier>
    </Filter>
    <Filter Include="ui">
      <UniqueIdentifier>{3341de69-fee1-4d6c-a644-573adcde5a39}</UniqueIdentifier>
    </Filter>
    <Filter Include="global">
      <UniqueIdentifier>{857003f1-3b42-4e5e-ad0b-9123e4524add}</UniqueIdentifier>
    </Filter>
    <Filter Include="logic">
      <UniqueIdentifier>{7807030e-27eb-4415-9a8e-780cd48521e1}</UniqueIdentifier>
    </Filter>
    <Filter Include="logic\mediator">
      <UniqueIdentifier>{1204f7bc-f35b-4561-9aa8-0e426b00fc0a}</UniqueIdentifier>
    </Filter>
    <Filter Include="Translation Files">
      <UniqueIdentifier>{639EADAA-A684-42e4-A9AD-28FC9BCB8F7C}</UniqueIdentifier>
      <Extensions>ts</Extensions>
      <ParseFiles>false</ParseFiles>
    </Filter>
  </ItemGroup>
  <ItemGroup>
    <QtRcc Include="jigsawpuzzle.qrc">
      <Filter>Resource Files</Filter>
    </QtRcc>
  </ItemGroup>
  <ItemGroup>
    <ResourceCompile Include="jigsawpuzzle.rc" />
  </ItemGroup>
  <ItemGroup>
    <None Include="..\jigsawpuzzle.licenseheader" />
    <None Include="jigsawpuzzle_zh.ts">
      <Filter>Translation Files</Filter>
    </None>
  </ItemGroup>
  <ItemGroup>
    <ClCompile Include="..\..\src\app\main.cpp">
      <Filter>app</Filter>
    </ClCompile>
    <ClCompile Include="..\..\src\ui\mainwindow.cpp">
      <Filter>ui</Filter>
    </ClCompile>
    <ClCompile Include="..\..\src\ui\controlpanel.cpp">
      <Filter>ui</Filter>
    </ClCompile>
    <ClCompile Include="..\..\src\app\appsession.cpp">
      <Filter>logic</Filter>
    </ClCompile>
    <ClCompile Include="..\..\src\ui\clientview.cpp">
      <Filter>ui</Filter>
    </ClCompile>
    <ClCompile Include="..\..\src\logic\mediator\controlpanelmediator.cpp">
      <Filter>logic\mediator</Filter>
    </ClCompile>
    <ClCompile Include="..\..\src\global\glo.cpp">
      <Filter>global</Filter>
    </ClCompile>
    <ClCompile Include="..\..\src\global\uiglo.cpp">
      <Filter>global</Filter>
    </ClCompile>
    <ClCompile Include="..\..\src\logic\jpgame.cpp">
      <Filter>logic</Filter>
    </ClCompile>
    <ClCompile Include="..\..\src\ui\gameview.cpp">
      <Filter>ui</Filter>
    </ClCompile>
    <ClCompile Include="..\..\src\logic\gamescene.cpp">
      <Filter>logic</Filter>
    </ClCompile>
    <ClCompile Include="..\..\src\logic\sliceimagepane.cpp">
      <Filter>logic</Filter>
    </ClCompile>
  </ItemGroup>
  <ItemGroup>
    <QtMoc Include="..\..\src\ui\mainwindow.h">
      <Filter>ui</Filter>
    </QtMoc>
    <QtMoc Include="..\..\src\ui\controlpanel.h">
      <Filter>ui</Filter>
    </QtMoc>
    <QtMoc Include="..\..\src\ui\clientview.h">
      <Filter>ui</Filter>
    </QtMoc>
    <QtMoc Include="..\..\src\logic\mediator\controlpanelmediator.h">
      <Filter>logic\mediator</Filter>
    </QtMoc>
    <QtMoc Include="..\..\src\ui\gameview.h">
      <Filter>ui</Filter>
    </QtMoc>
    <QtMoc Include="..\..\src\logic\gamescene.h">
      <Filter>logic</Filter>
    </QtMoc>
  </ItemGroup>
  <ItemGroup>
    <ClInclude Include="..\..\src\logic\uimediator.hxx">
      <Filter>logic</Filter>
    </ClInclude>
    <ClInclude Include="..\..\src\app\appsession.h">
      <Filter>logic</Filter>
    </ClInclude>
    <ClInclude Include="..\..\src\global\glo.h">
      <Filter>global</Filter>
    </ClInclude>
    <ClInclude Include="..\..\src\global\uiglo.h">
      <Filter>global</Filter>
    </ClInclude>
    <ClInclude Include="..\..\src\logic\jpgame.h">
      <Filter>logic</Filter>
    </ClInclude>
    <ClInclude Include="..\..\src\global\common.h">
      <Filter>global</Filter>
    </ClInclude>
    <ClInclude Include="..\..\src\logic\sliceimagepane.h">
      <Filter>logic</Filter>
    </ClInclude>
  </ItemGroup>
</Project>